
Microsoft Visual Studio Solution File, Format Version 12.00
# Visual Studio 15
VisualStudioVersion = 15.0.28307.136
MinimumVisualStudioVersion = 10.0.40219.1
Project("{8BC9CEB8-8B4A-11D0-8D11-00A0C91BC942}") = "CircleRendrer", "CircleRendrer\CircleRendrer.vcxproj", "{9315B904-77E2-410B-B9AF-D1C94CC7699E}"
EndProject
Global
	GlobalSection(SolutionConfigurationPlatforms) = preSolution
		Debug|x64 = Debug|x64
		Debug|x86 = Debug|x86
		Release|x64 = Release|x64
		Release|x86 = Release|x86
	EndGlobalSection
	GlobalSection(ProjectConfigurationPlatforms) = postSolution
		{9315B904-77E2-410B-B9AF-D1C94CC7699E}.Debug|x64.ActiveCfg = Debug|x64
		{9315B904-77E2-410B-B9AF-D1C94CC7699E}.Debug|x64.Build.0 = Debug|x64
		{9315B904-77E2-410B-B9AF-D1C94CC7699E}.Debug|x86.ActiveCfg = Debug|Win32
		{9315B904-77E2-410B-B9AF-D1C94CC7699E}.Debug|x86.Build.0 = Debug|Win32
		{9315B904-77E2-410B-B9AF-D1C94CC7699E}.Release|x64.ActiveCfg = Release|x64
		{9315B904-77E2-410B-B9AF-D1C94CC7699E}.Release|x64.Build.0 = Release|x64
		{9315B904-77E2-410B-B9AF-D1C94CC7699E}.Release|x86.ActiveCfg = Release|Win32
		{9315B904-77E2-410B-B9AF-D1C94CC7699E}.Release|x86.Build.0 = Release|Win32
	EndGlobalSection
	GlobalSection(SolutionProperties) = preSolution
		HideSolutionNode = FALSE
	EndGlobalSection
	GlobalSection(ExtensibilityGlobals) = postSolution
		SolutionGuid = {57C2E1B3-0E1D-49F3-B6BF-F6AAC09B16F3}
	EndGlobalSection
EndGlobal
